
Microsoft Visual Studio Solution File, Format Version 12.00
# Visual Studio Version 17
VisualStudioVersion = 17.1.32210.238
MinimumVisualStudioVersion = 10.0.40219.1
Project("{9A19103F-16F7-4668-BE54-9A1E7A4F7556}") = "BILTIFUL.Core", "BILTIFUL.Core\BILTIFUL.Core.csproj", "{A9BD9095-1B14-4060-BD68-4D320CD754AE}"
EndProject
Project("{9A19103F-16F7-4668-BE54-9A1E7A4F7556}") = "BILTIFUL", "BILTIFUL\BILTIFUL.csproj", "{A7C6147F-337B-43E9-B9C9-53A08505EA72}"
EndProject
Project("{2150E333-8FDC-42A3-9474-1A3956D46DE8}") = "Modulos", "Modulos", "{1BE96DB0-509C-4AF2-840C-CA53F505BC02}"
EndProject
Project("{9A19103F-16F7-4668-BE54-9A1E7A4F7556}") = "BILTIFUL.ModuloVenda", "BILTIFUL.ModuloVenda\BILTIFUL.ModuloVenda.csproj", "{8A387B1D-0033-40FC-97FA-625ACE27C0D9}"
EndProject
Project("{9A19103F-16F7-4668-BE54-9A1E7A4F7556}") = "BILTIFUL.ModuloProducao", "BILTIFUL.ModuloProducao\BILTIFUL.ModuloProducao.csproj", "{0A1B445B-A0BA-4507-AFC1-38A40D9740A2}"
EndProject
Project("{9A19103F-16F7-4668-BE54-9A1E7A4F7556}") = "BILTIFUL.ModuloCompra", "BILTIFUL.ModuloCompra\BILTIFUL.ModuloCompra.csproj", "{248AB38A-4A1F-45B3-AFBC-19CD3E49C158}"
EndProject
Global
	GlobalSection(SolutionConfigurationPlatforms) = preSolution
		Debug|Any CPU = Debug|Any CPU
		Release|Any CPU = Release|Any CPU
	EndGlobalSection
	GlobalSection(ProjectConfigurationPlatforms) = postSolution
		{A9BD9095-1B14-4060-BD68-4D320CD754AE}.Debug|Any CPU.ActiveCfg = Debug|Any CPU
		{A9BD9095-1B14-4060-BD68-4D320CD754AE}.Debug|Any CPU.Build.0 = Debug|Any CPU
		{A9BD9095-1B14-4060-BD68-4D320CD754AE}.Release|Any CPU.ActiveCfg = Release|Any CPU
		{A9BD9095-1B14-4060-BD68-4D320CD754AE}.Release|Any CPU.Build.0 = Release|Any CPU
		{A7C6147F-337B-43E9-B9C9-53A08505EA72}.Debug|Any CPU.ActiveCfg = Debug|Any CPU
		{A7C6147F-337B-43E9-B9C9-53A08505EA72}.Debug|Any CPU.Build.0 = Debug|Any CPU
		{A7C6147F-337B-43E9-B9C9-53A08505EA72}.Release|Any CPU.ActiveCfg = Release|Any CPU
		{A7C6147F-337B-43E9-B9C9-53A08505EA72}.Release|Any CPU.Build.0 = Release|Any CPU
		{8A387B1D-0033-40FC-97FA-625ACE27C0D9}.Debug|Any CPU.ActiveCfg = Debug|Any CPU
		{8A387B1D-0033-40FC-97FA-625ACE27C0D9}.Debug|Any CPU.Build.0 = Debug|Any CPU
		{8A387B1D-0033-40FC-97FA-625ACE27C0D9}.Release|Any CPU.ActiveCfg = Release|Any CPU
		{8A387B1D-0033-40FC-97FA-625ACE27C0D9}.Release|Any CPU.Build.0 = Release|Any CPU
		{0A1B445B-A0BA-4507-AFC1-38A40D9740A2}.Debug|Any CPU.ActiveCfg = Debug|Any CPU
		{0A1B445B-A0BA-4507-AFC1-38A40D9740A2}.Debug|Any CPU.Build.0 = Debug|Any CPU
		{0A1B445B-A0BA-4507-AFC1-38A40D9740A2}.Release|Any CPU.ActiveCfg = Release|Any CPU
		{0A1B445B-A0BA-4507-AFC1-38A40D9740A2}.Release|Any CPU.Build.0 = Release|Any CPU
		{248AB38A-4A1F-45B3-AFBC-19CD3E49C158}.Debug|Any CPU.ActiveCfg = Debug|Any CPU
		{248AB38A-4A1F-45B3-AFBC-19CD3E49C158}.Debug|Any CPU.Build.0 = Debug|Any CPU
		{248AB38A-4A1F-45B3-AFBC-19CD3E49C158}.Release|Any CPU.ActiveCfg = Release|Any CPU
		{248AB38A-4A1F-45B3-AFBC-19CD3E49C158}.Release|Any CPU.Build.0 = Release|Any CPU
	EndGlobalSection
	GlobalSection(SolutionProperties) = preSolution
		HideSolutionNode = FALSE
	EndGlobalSection
	GlobalSection(NestedProjects) = preSolution
		{8A387B1D-0033-40FC-97FA-625ACE27C0D9} = {1BE96DB0-509C-4AF2-840C-CA53F505BC02}
		{0A1B445B-A0BA-4507-AFC1-38A40D9740A2} = {1BE96DB0-509C-4AF2-840C-CA53F505BC02}
		{248AB38A-4A1F-45B3-AFBC-19CD3E49C158} = {1BE96DB0-509C-4AF2-840C-CA53F505BC02}
	EndGlobalSection
	GlobalSection(ExtensibilityGlobals) = postSolution
		SolutionGuid = {D9EB2E5F-D4D9-46B5-B5DC-7A74384EB044}
	EndGlobalSection
EndGlobal
